{
  "version": 4,
  "terraform_version": "1.12.2",
  "serial": 81,
  "lineage": "75f60c91-bcbf-b19f-a235-5a749d369733",
  "outputs": {
    "app_runner_url": {
      "value": "p8qd4pdrvp.us-east-1.awsapprunner.com",
      "type": "string"
    }
  },
  "resources": [
    {
      "mode": "managed",
      "type": "aws_apprunner_service",
      "name": "hello_world_service",
      "provider": "provider[\"registry.terraform.io/hashicorp/aws\"]",
      "instances": [
        {
          "schema_version": 0,
          "attributes": {
            "arn": "arn:aws:apprunner:us-east-1:504759923868:service/hello-app-runner-teste/b83c3fbf12994a57a9dc516a16190954",
            "auto_scaling_configuration_arn": "arn:aws:apprunner:us-east-1:504759923868:autoscalingconfiguration/DefaultConfiguration/1/00000000000000000000000000000001",
            "encryption_configuration": [],
            "health_check_configuration": [
              {
                "healthy_threshold": 1,
                "interval": 5,
                "path": "/",
                "protocol": "TCP",
                "timeout": 2,
                "unhealthy_threshold": 5
              }
            ],
            "id": "arn:aws:apprunner:us-east-1:504759923868:service/hello-app-runner-teste/b83c3fbf12994a57a9dc516a16190954",
            "instance_configuration": [
              {
                "cpu": "1024",
                "instance_role_arn": "",
                "memory": "2048"
              }
            ],
            "network_configuration": [
              {
                "egress_configuration": [
                  {
                    "egress_type": "DEFAULT",
                    "vpc_connector_arn": ""
                  }
                ],
                "ingress_configuration": [
                  {
                    "is_publicly_accessible": true
                  }
                ],
                "ip_address_type": "IPV4"
              }
            ],
            "observability_configuration": [],
            "service_id": "b83c3fbf12994a57a9dc516a16190954",
            "service_name": "hello-app-runner-teste",
            "service_url": "p8qd4pdrvp.us-east-1.awsapprunner.com",
            "source_configuration": [
              {
                "authentication_configuration": [],
                "auto_deployments_enabled": false,
                "code_repository": [],
                "image_repository": [
                  {
                    "image_configuration": [
                      {
                        "port": "8080",
                        "runtime_environment_secrets": {},
                        "runtime_environment_variables": {},
                        "start_command": ""
                      }
                    ],
                    "image_identifier": "public.ecr.aws/aws-containers/hello-app-runner:latest",
                    "image_repository_type": "ECR_PUBLIC"
                  }
                ]
              }
            ],
            "status": "RUNNING",
            "tags": null,
            "tags_all": {}
          },
          "sensitive_attributes": [],
          "identity_schema_version": 0,
          "private": "bnVsbA=="
        }
      ]
    }
  ],
  "check_results": null
}
